// !$*UTF8*$!
{
	archiveVersion = 1;
	classes = {
	};
	objectVersion = 52;
	objects = {

/* Begin PBXBuildFile section */
		846DB6332645C1D300ADACA1 /* StudentClass.swift in Sources */ = {isa = PBXBuildFile; fileRef = 846DB6322645C1D300ADACA1 /* StudentClass.swift */; };
		846DB6362645C39A00ADACA1 /* RockWall.swift in Sources */ = {isa = PBXBuildFile; fileRef = 846DB6352645C39A00ADACA1 /* RockWall.swift */; };
		846E695B2638A92A00D54615 /* Launch Screen.storyboard in Resources */ = {isa = PBXBuildFile; fileRef = 846E695A2638A92A00D54615 /* Launch Screen.storyboard */; };
		846E69622638B0F100D54615 /* DropDownMenu.swift in Sources */ = {isa = PBXBuildFile; fileRef = 846E69612638B0F100D54615 /* DropDownMenu.swift */; };
		84CAA23E2639C2B70021FF0B /* AppDevWithSwiftLibrary in Frameworks */ = {isa = PBXBuildFile; productRef = 84CAA23D2639C2B70021FF0B /* AppDevWithSwiftLibrary */; };
		84CAA26C263CBA060021FF0B /* StudentHistoryView.swift in Sources */ = {isa = PBXBuildFile; fileRef = 84CAA26B263CBA060021FF0B /* StudentHistoryView.swift */; };
		84CAA2732640BE840021FF0B /* Localizable.strings in Resources */ = {isa = PBXBuildFile; fileRef = 84CAA2752640BE840021FF0B /* Localizable.strings */; };
		84E899802632109F00FD69FA /* YouRock2App.swift in Sources */ = {isa = PBXBuildFile; fileRef = 84E8997F2632109F00FD69FA /* YouRock2App.swift */; };
		84E899822632109F00FD69FA /* ContentView.swift in Sources */ = {isa = PBXBuildFile; fileRef = 84E899812632109F00FD69FA /* ContentView.swift */; };
		84E89984263210A300FD69FA /* Assets.xcassets in Resources */ = {isa = PBXBuildFile; fileRef = 84E89983263210A300FD69FA /* Assets.xcassets */; };
		84E89987263210A300FD69FA /* Preview Assets.xcassets in Resources */ = {isa = PBXBuildFile; fileRef = 84E89986263210A300FD69FA /* Preview Assets.xcassets */; };
		84E899902632110B00FD69FA /* WelcomeScreen2.swift in Sources */ = {isa = PBXBuildFile; fileRef = 84E8998F2632110B00FD69FA /* WelcomeScreen2.swift */; };
		84E899932632120B00FD69FA /* Data1N.swift in Sources */ = {isa = PBXBuildFile; fileRef = 84E899922632120B00FD69FA /* Data1N.swift */; };
		84E899962632121A00FD69FA /* Period1N.swift in Sources */ = {isa = PBXBuildFile; fileRef = 84E899952632121A00FD69FA /* Period1N.swift */; };
		84E899992632123200FD69FA /* ChooseCategory.swift in Sources */ = {isa = PBXBuildFile; fileRef = 84E899982632123200FD69FA /* ChooseCategory.swift */; };
		84E8999C2632125300FD69FA /* SelfManagement.swift in Sources */ = {isa = PBXBuildFile; fileRef = 84E8999B2632125300FD69FA /* SelfManagement.swift */; };
		84E8999F2632126900FD69FA /* StudentRecognition.swift in Sources */ = {isa = PBXBuildFile; fileRef = 84E8999E2632126900FD69FA /* StudentRecognition.swift */; };
/* End PBXBuildFile section */

/* Begin PBXFileReference section */
		846DB6322645C1D300ADACA1 /* StudentClass.swift */ = {isa = PBXFileReference; lastKnownFileType = sourcecode.swift; path = StudentClass.swift; sourceTree = "<group>"; };
		846DB6352645C39A00ADACA1 /* RockWall.swift */ = {isa = PBXFileReference; lastKnownFileType = sourcecode.swift; path = RockWall.swift; sourceTree = "<group>"; };
		846E695A2638A92A00D54615 /* Launch Screen.storyboard */ = {isa = PBXFileReference; lastKnownFileType = file.storyboard; path = "Launch Screen.storyboard"; sourceTree = "<group>"; };
		846E69612638B0F100D54615 /* DropDownMenu.swift */ = {isa = PBXFileReference; lastKnownFileType = sourcecode.swift; path = DropDownMenu.swift; sourceTree = "<group>"; };
		84CAA26B263CBA060021FF0B /* StudentHistoryView.swift */ = {isa = PBXFileReference; lastKnownFileType = sourcecode.swift; path = StudentHistoryView.swift; sourceTree = "<group>"; };
		84CAA2742640BE840021FF0B /* en */ = {isa = PBXFileReference; lastKnownFileType = text.plist.strings; name = en; path = en.lproj/Localizable.strings; sourceTree = "<group>"; };
		84CAA2762640BEBA0021FF0B /* es */ = {isa = PBXFileReference; lastKnownFileType = text.plist.strings; name = es; path = es.lproj/Localizable.strings; sourceTree = "<group>"; };
		84E8997C2632109F00FD69FA /* YouRock2.app */ = {isa = PBXFileReference; explicitFileType = wrapper.application; includeInIndex = 0; path = YouRock2.app; sourceTree = BUILT_PRODUCTS_DIR; };
		84E8997F2632109F00FD69FA /* YouRock2App.swift */ = {isa = PBXFileReference; lastKnownFileType = sourcecode.swift; path = YouRock2App.swift; sourceTree = "<group>"; };
		84E899812632109F00FD69FA /* ContentView.swift */ = {isa = PBXFileReference; lastKnownFileType = sourcecode.swift; path = ContentView.swift; sourceTree = "<group>"; };
		84E89983263210A300FD69FA /* Assets.xcassets */ = {isa = PBXFileReference; lastKnownFileType = folder.assetcatalog; path = Assets.xcassets; sourceTree = "<group>"; };
		84E89986263210A300FD69FA /* Preview Assets.xcassets */ = {isa = PBXFileReference; lastKnownFileType = folder.assetcatalog; path = "Preview Assets.xcassets"; sourceTree = "<group>"; };
		84E89988263210A300FD69FA /* Info.plist */ = {isa = PBXFileReference; lastKnownFileType = text.plist.xml; path = Info.plist; sourceTree = "<group>"; };
		84E8998F2632110B00FD69FA /* WelcomeScreen2.swift */ = {isa = PBXFileReference; lastKnownFileType = sourcecode.swift; name = WelcomeScreen2.swift; path = ../../WelcomeScreen2.swift; sourceTree = "<group>"; };
		84E899922632120B00FD69FA /* Data1N.swift */ = {isa = PBXFileReference; lastKnownFileType = sourcecode.swift; path = Data1N.swift; sourceTree = "<group>"; };
		84E899952632121A00FD69FA /* Period1N.swift */ = {isa = PBXFileReference; lastKnownFileType = sourcecode.swift; path = Period1N.swift; sourceTree = "<group>"; };
		84E899982632123200FD69FA /* ChooseCategory.swift */ = {isa = PBXFileReference; lastKnownFileType = sourcecode.swift; path = ChooseCategory.swift; sourceTree = "<group>"; };
		84E8999B2632125300FD69FA /* SelfManagement.swift */ = {isa = PBXFileReference; lastKnownFileType = sourcecode.swift; name = SelfManagement.swift; path = ../../SelfManagement.swift; sourceTree = "<group>"; };
		84E8999E2632126900FD69FA /* StudentRecognition.swift */ = {isa = PBXFileReference; lastKnownFileType = sourcecode.swift; path = StudentRecognition.swift; sourceTree = "<group>"; };
/* End PBXFileReference section */

/* Begin PBXFrameworksBuildPhase section */
		84E899792632109F00FD69FA /* Frameworks */ = {
			isa = PBXFrameworksBuildPhase;
			buildActionMask = 2147483647;
			files = (
				84CAA23E2639C2B70021FF0B /* AppDevWithSwiftLibrary in Frameworks */,
			);
			runOnlyForDeploymentPostprocessing = 0;
		};
/* End PBXFrameworksBuildPhase section */

/* Begin PBXGroup section */
		84E899732632109F00FD69FA = {
			isa = PBXGroup;
			children = (
				84E8997E2632109F00FD69FA /* YouRock2 */,
				84E8997D2632109F00FD69FA /* Products */,
			);
			sourceTree = "<group>";
		};
		84E8997D2632109F00FD69FA /* Products */ = {
			isa = PBXGroup;
			children = (
				84E8997C2632109F00FD69FA /* YouRock2.app */,
			);
			name = Products;
			sourceTree = "<group>";
		};
		84E8997E2632109F00FD69FA /* YouRock2 */ = {
			isa = PBXGroup;
			children = (
				84E8997F2632109F00FD69FA /* YouRock2App.swift */,
				84E899812632109F00FD69FA /* ContentView.swift */,
				84CAA2752640BE840021FF0B /* Localizable.strings */,
				84CAA26B263CBA060021FF0B /* StudentHistoryView.swift */,
				84E8998F2632110B00FD69FA /* WelcomeScreen2.swift */,
				84E899922632120B00FD69FA /* Data1N.swift */,
				84E899952632121A00FD69FA /* Period1N.swift */,
				846DB6322645C1D300ADACA1 /* StudentClass.swift */,
				846DB6352645C39A00ADACA1 /* RockWall.swift */,
				846E69612638B0F100D54615 /* DropDownMenu.swift */,
				84E899982632123200FD69FA /* ChooseCategory.swift */,
				84E8999B2632125300FD69FA /* SelfManagement.swift */,
				84E8999E2632126900FD69FA /* StudentRecognition.swift */,
				84E89983263210A300FD69FA /* Assets.xcassets */,
				84E89988263210A300FD69FA /* Info.plist */,
				84E89985263210A300FD69FA /* Preview Content */,
				846E695A2638A92A00D54615 /* Launch Screen.storyboard */,
			);
			path = YouRock2;
			sourceTree = "<group>";
		};
		84E89985263210A300FD69FA /* Preview Content */ = {
			isa = PBXGroup;
			children = (
				84E89986263210A300FD69FA /* Preview Assets.xcassets */,
			);
			path = "Preview Content";
			sourceTree = "<group>";
		};
/* End PBXGroup section */

/* Begin PBXNativeTarget section */
		84E8997B2632109F00FD69FA /* YouRock2 */ = {
			isa = PBXNativeTarget;
			buildConfigurationList = 84E8998B263210A300FD69FA /* Build configuration list for PBXNativeTarget "YouRock2" */;
			buildPhases = (
				84E899782632109F00FD69FA /* Sources */,
				84E899792632109F00FD69FA /* Frameworks */,
				84E8997A2632109F00FD69FA /* Resources */,
			);
			buildRules = (
			);
			dependencies = (
			);
			name = YouRock2;
			packageProductDependencies = (
				84CAA23D2639C2B70021FF0B /* AppDevWithSwiftLibrary */,
			);
			productName = YouRock2;
			productReference = 84E8997C2632109F00FD69FA /* YouRock2.app */;
			productType = "com.apple.product-type.application";
		};
/* End PBXNativeTarget section */

/* Begin PBXProject section */
		84E899742632109F00FD69FA /* Project object */ = {
			isa = PBXProject;
			attributes = {
				LastSwiftUpdateCheck = 1240;
				LastUpgradeCheck = 1240;
				TargetAttributes = {
					84E8997B2632109F00FD69FA = {
						CreatedOnToolsVersion = 12.4;
					};
				};
			};
			buildConfigurationList = 84E899772632109F00FD69FA /* Build configuration list for PBXProject "YouRock2" */;
			compatibilityVersion = "Xcode 9.3";
			developmentRegion = en;
			hasScannedForEncodings = 0;
			knownRegions = (
				en,
				Base,
				es,
			);
			mainGroup = 84E899732632109F00FD69FA;
			packageReferences = (
				84CAA23C2639C2B70021FF0B /* XCRemoteSwiftPackageReference "AppDevWithSwiftLibrary" */,
			);
			productRefGroup = 84E8997D2632109F00FD69FA /* Products */;
			projectDirPath = "";
			projectRoot = "";
			targets = (
				84E8997B2632109F00FD69FA /* YouRock2 */,
			);
		};
/* End PBXProject section */

/* Begin PBXResourcesBuildPhase section */
		84E8997A2632109F00FD69FA /* Resources */ = {
			isa = PBXResourcesBuildPhase;
			buildActionMask = 2147483647;
			files = (
				846E695B2638A92A00D54615 /* Launch Screen.storyboard in Resources */,
				84CAA2732640BE840021FF0B /* Localizable.strings in Resources */,
				84E89987263210A300FD69FA /* Preview Assets.xcassets in Resources */,
				84E89984263210A300FD69FA /* Assets.xcassets in Resources */,
			);
			runOnlyForDeploymentPostprocessing = 0;
		};
/* End PBXResourcesBuildPhase section */

/* Begin PBXSourcesBuildPhase section */
		84E899782632109F00FD69FA /* Sources */ = {
			isa = PBXSourcesBuildPhase;
			buildActionMask = 2147483647;
			files = (
				84E899932632120B00FD69FA /* Data1N.swift in Sources */,
				84E899822632109F00FD69FA /* ContentView.swift in Sources */,
				846E69622638B0F100D54615 /* DropDownMenu.swift in Sources */,
				84E8999C2632125300FD69FA /* SelfManagement.swift in Sources */,
				84E8999F2632126900FD69FA /* StudentRecognition.swift in Sources */,
				84E899992632123200FD69FA /* ChooseCategory.swift in Sources */,
				84E899802632109F00FD69FA /* YouRock2App.swift in Sources */,
				84E899962632121A00FD69FA /* Period1N.swift in Sources */,
				846DB6362645C39A00ADACA1 /* RockWall.swift in Sources */,
				84E899902632110B00FD69FA /* WelcomeScreen2.swift in Sources */,
				846DB6332645C1D300ADACA1 /* StudentClass.swift in Sources */,
				84CAA26C263CBA060021FF0B /* StudentHistoryView.swift in Sources */,
			);
			runOnlyForDeploymentPostprocessing = 0;
		};
/* End PBXSourcesBuildPhase section */

/* Begin PBXVariantGroup section */
		84CAA2752640BE840021FF0B /* Localizable.strings */ = {
			isa = PBXVariantGroup;
			children = (
				84CAA2742640BE840021FF0B /* en */,
				84CAA2762640BEBA0021FF0B /* es */,
			);
			name = Localizable.strings;
			sourceTree = "<group>";
		};
/* End PBXVariantGroup section */

/* Begin XCBuildConfiguration section */
		84E89989263210A300FD69FA /* Debug */ = {
			isa = XCBuildConfiguration;
			buildSettings = {
				ALWAYS_SEARCH_USER_PATHS = NO;
				CLANG_ANALYZER_LOCALIZABILITY_NONLOCALIZED = YES;
				CLANG_ANALYZER_NONNULL = YES;
				CLANG_ANALYZER_NUMBER_OBJECT_CONVERSION = YES_AGGRESSIVE;
				CLANG_CXX_LANGUAGE_STANDARD = "gnu++14";
				CLANG_CXX_LIBRARY = "libc++";
				CLANG_ENABLE_MODULES = YES;
				CLANG_ENABLE_OBJC_ARC = YES;
				CLANG_ENABLE_OBJC_WEAK = YES;
				CLANG_WARN_BLOCK_CAPTURE_AUTORELEASING = YES;
				CLANG_WARN_BOOL_CONVERSION = YES;
				CLANG_WARN_COMMA = YES;
				CLANG_WARN_CONSTANT_CONVERSION = YES;
				CLANG_WARN_DEPRECATED_OBJC_IMPLEMENTATIONS = YES;
				CLANG_WARN_DIRECT_OBJC_ISA_USAGE = YES_ERROR;
				CLANG_WARN_DOCUMENTATION_COMMENTS = YES;
				CLANG_WARN_EMPTY_BODY = YES;
				CLANG_WARN_ENUM_CONVERSION = YES;
				CLANG_WARN_INFINITE_RECURSION = YES;
				CLANG_WARN_INT_CONVERSION = YES;
				CLANG_WARN_NON_LITERAL_NULL_CONVERSION = YES;
				CLANG_WARN_OBJC_IMPLICIT_RETAIN_SELF = YES;
				CLANG_WARN_OBJC_LITERAL_CONVERSION = YES;
				CLANG_WARN_OBJC_ROOT_CLASS = YES_ERROR;
				CLANG_WARN_QUOTED_INCLUDE_IN_FRAMEWORK_HEADER = YES;
				CLANG_WARN_RANGE_LOOP_ANALYSIS = YES;
				CLANG_WARN_STRICT_PROTOTYPES = YES;
				CLANG_WARN_SUSPICIOUS_MOVE = YES;
				CLANG_WARN_UNGUARDED_AVAILABILITY = YES_AGGRESSIVE;
				CLANG_WARN_UNREACHABLE_CODE = YES;
				CLANG_WARN__DUPLICATE_METHOD_MATCH = YES;
				COPY_PHASE_STRIP = NO;
				DEBUG_INFORMATION_FORMAT = dwarf;
				ENABLE_STRICT_OBJC_MSGSEND = YES;
				ENABLE_TESTABILITY = YES;
				GCC_C_LANGUAGE_STANDARD = gnu11;
				GCC_DYNAMIC_NO_PIC = NO;
				GCC_NO_COMMON_BLOCKS = YES;
				GCC_OPTIMIZATION_LEVEL = 0;
				GCC_PREPROCESSOR_DEFINITIONS = (
					"DEBUG=1",
					"$(inherited)",
				);
				GCC_WARN_64_TO_32_BIT_CONVERSION = YES;
				GCC_WARN_ABOUT_RETURN_TYPE = YES_ERROR;
				GCC_WARN_UNDECLARED_SELECTOR = YES;
				GCC_WARN_UNINITIALIZED_AUTOS = YES_AGGRESSIVE;
				GCC_WARN_UNUSED_FUNCTION = YES;
				GCC_WARN_UNUSED_VARIABLE = YES;
				IPHONEOS_DEPLOYMENT_TARGET = 14.4;
				MTL_ENABLE_DEBUG_INFO = INCLUDE_SOURCE;
				MTL_FAST_MATH = YES;
				ONLY_ACTIVE_ARCH = YES;
				SDKROOT = iphoneos;
				SWIFT_ACTIVE_COMPILATION_CONDITIONS = DEBUG;
				SWIFT_OPTIMIZATION_LEVEL = "-Onone";
			};
			name = Debug;
		};
		84E8998A263210A300FD69FA /* Release */ = {
			isa = XCBuildConfiguration;
			buildSettings = {
				ALWAYS_SEARCH_USER_PATHS = NO;
				CLANG_ANALYZER_LOCALIZABILITY_NONLOCALIZED = YES;
				CLANG_ANALYZER_NONNULL = YES;
				CLANG_ANALYZER_NUMBER_OBJECT_CONVERSION = YES_AGGRESSIVE;
				CLANG_CXX_LANGUAGE_STANDARD = "gnu++14";
				CLANG_CXX_LIBRARY = "libc++";
				CLANG_ENABLE_MODULES = YES;
				CLANG_ENABLE_OBJC_ARC = YES;
				CLANG_ENABLE_OBJC_WEAK = YES;
				CLANG_WARN_BLOCK_CAPTURE_AUTORELEASING = YES;
				CLANG_WARN_BOOL_CONVERSION = YES;
				CLANG_WARN_COMMA = YES;
				CLANG_WARN_CONSTANT_CONVERSION = YES;
				CLANG_WARN_DEPRECATED_OBJC_IMPLEMENTATIONS = YES;
				CLANG_WARN_DIRECT_OBJC_ISA_USAGE = YES_ERROR;
				CLANG_WARN_DOCUMENTATION_COMMENTS = YES;
				CLANG_WARN_EMPTY_BODY = YES;
				CLANG_WARN_ENUM_CONVERSION = YES;
				CLANG_WARN_INFINITE_RECURSION = YES;
				CLANG_WARN_INT_CONVERSION = YES;
				CLANG_WARN_NON_LITERAL_NULL_CONVERSION = YES;
				CLANG_WARN_OBJC_IMPLICIT_RETAIN_SELF = YES;
				CLANG_WARN_OBJC_LITERAL_CONVERSION = YES;
				CLANG_WARN_OBJC_ROOT_CLASS = YES_ERROR;
				CLANG_WARN_QUOTED_INCLUDE_IN_FRAMEWORK_HEADER = YES;
				CLANG_WARN_RANGE_LOOP_ANALYSIS = YES;
				CLANG_WARN_STRICT_PROTOTYPES = YES;
				CLANG_WARN_SUSPICIOUS_MOVE = YES;
				CLANG_WARN_UNGUARDED_AVAILABILITY = YES_AGGRESSIVE;
				CLANG_WARN_UNREACHABLE_CODE = YES;
				CLANG_WARN__DUPLICATE_METHOD_MATCH = YES;
				COPY_PHASE_STRIP = NO;
				DEBUG_INFORMATION_FORMAT = "dwarf-with-dsym";
				ENABLE_NS_ASSERTIONS = NO;
				ENABLE_STRICT_OBJC_MSGSEND = YES;
				GCC_C_LANGUAGE_STANDARD = gnu11;
				GCC_NO_COMMON_BLOCKS = YES;
				GCC_WARN_64_TO_32_BIT_CONVERSION = YES;
				GCC_WARN_ABOUT_RETURN_TYPE = YES_ERROR;
				GCC_WARN_UNDECLARED_SELECTOR = YES;
				GCC_WARN_UNINITIALIZED_AUTOS = YES_AGGRESSIVE;
				GCC_WARN_UNUSED_FUNCTION = YES;
				GCC_WARN_UNUSED_VARIABLE = YES;
				IPHONEOS_DEPLOYMENT_TARGET = 14.4;
				MTL_ENABLE_DEBUG_INFO = NO;
				MTL_FAST_MATH = YES;
				SDKROOT = iphoneos;
				SWIFT_COMPILATION_MODE = wholemodule;
				SWIFT_OPTIMIZATION_LEVEL = "-O";
				VALIDATE_PRODUCT = YES;
			};
			name = Release;
		};
		84E8998C263210A300FD69FA /* Debug */ = {
			isa = XCBuildConfiguration;
			buildSettings = {
				ASSETCATALOG_COMPILER_APPICON_NAME = AppIcon;
				ASSETCATALOG_COMPILER_GLOBAL_ACCENT_COLOR_NAME = AccentColor;
				CODE_SIGN_STYLE = Automatic;
				DEVELOPMENT_ASSET_PATHS = "\"YouRock2/Preview Content\"";
				DEVELOPMENT_TEAM = 3RWDQTD9F7;
				ENABLE_PREVIEWS = YES;
				INFOPLIST_FILE = YouRock2/Info.plist;
				IPHONEOS_DEPLOYMENT_TARGET = 14.0;
				LD_RUNPATH_SEARCH_PATHS = (
					"$(inherited)",
					"@executable_path/Frameworks",
				);
				PRODUCT_BUNDLE_IDENTIFIER = com.vonderheide.main.YouRock2;
				PRODUCT_NAME = "$(TARGET_NAME)";
				SWIFT_VERSION = 5.0;
				TARGETED_DEVICE_FAMILY = "1,2";
			};
			name = Debug;
		};
		84E8998D263210A300FD69FA /* Release */ = {
			isa = XCBuildConfiguration;
			buildSettings = {
				ASSETCATALOG_COMPILER_APPICON_NAME = AppIcon;
				ASSETCATALOG_COMPILER_GLOBAL_ACCENT_COLOR_NAME = AccentColor;
				CODE_SIGN_STYLE = Automatic;
				DEVELOPMENT_ASSET_PATHS = "\"YouRock2/Preview Content\"";
				DEVELOPMENT_TEAM = 3RWDQTD9F7;
				ENABLE_PREVIEWS = YES;
				INFOPLIST_FILE = YouRock2/Info.plist;
				IPHONEOS_DEPLOYMENT_TARGET = 14.0;
				LD_RUNPATH_SEARCH_PATHS = (
					"$(inherited)",
					"@executable_path/Frameworks",
				);
				PRODUCT_BUNDLE_IDENTIFIER = com.vonderheide.main.YouRock2;
				PRODUCT_NAME = "$(TARGET_NAME)";
				SWIFT_VERSION = 5.0;
				TARGETED_DEVICE_FAMILY = "1,2";
			};
			name = Release;
		};
/* End XCBuildConfiguration section */

/* Begin XCConfigurationList section */
		84E899772632109F00FD69FA /* Build configuration list for PBXProject "YouRock2" */ = {
			isa = XCConfigurationList;
			buildConfigurations = (
				84E89989263210A300FD69FA /* Debug */,
				84E8998A263210A300FD69FA /* Release */,
			);
			defaultConfigurationIsVisible = 0;
			defaultConfigurationName = Release;
		};
		84E8998B263210A300FD69FA /* Build configuration list for PBXNativeTarget "YouRock2" */ = {
			isa = XCConfigurationList;
			buildConfigurations = (
				84E8998C263210A300FD69FA /* Debug */,
				84E8998D263210A300FD69FA /* Release */,
			);
			defaultConfigurationIsVisible = 0;
			defaultConfigurationName = Release;
		};
/* End XCConfigurationList section */

/* Begin XCRemoteSwiftPackageReference section */
		84CAA23C2639C2B70021FF0B /* XCRemoteSwiftPackageReference "AppDevWithSwiftLibrary" */ = {
			isa = XCRemoteSwiftPackageReference;
			repositoryURL = "https://github.com/iitgrad/AppDevWithSwiftLibrary.git";
			requirement = {
				kind = upToNextMajorVersion;
				minimumVersion = 1.8.3;
			};
		};
/* End XCRemoteSwiftPackageReference section */

/* Begin XCSwiftPackageProductDependency section */
		84CAA23D2639C2B70021FF0B /* AppDevWithSwiftLibrary */ = {
			isa = XCSwiftPackageProductDependency;
			package = 84CAA23C2639C2B70021FF0B /* XCRemoteSwiftPackageReference "AppDevWithSwiftLibrary" */;
			productName = AppDevWithSwiftLibrary;
		};
/* End XCSwiftPackageProductDependency section */
	};
	rootObject = 84E899742632109F00FD69FA /* Project object */;
}
